// !$*UTF8*$!
{
	archiveVersion = 1;
	classes = {
	};
	objectVersion = 46;
	objects = {

/* Begin PBXBuildFile section */
		9CF66D8F1A72E4DA005A9015 /* AppDelegate.swift in Sources */ = {isa = PBXBuildFile; fileRef = 9CF66D8E1A72E4DA005A9015 /* AppDelegate.swift */; };
		9CF66D911A72E4DA005A9015 /* ViewController.swift in Sources */ = {isa = PBXBuildFile; fileRef = 9CF66D901A72E4DA005A9015 /* ViewController.swift */; };
		9CF66D941A72E4DA005A9015 /* Main.storyboard in Resources */ = {isa = PBXBuildFile; fileRef = 9CF66D921A72E4DA005A9015 /* Main.storyboard */; };
		9CF66D961A72E4DA005A9015 /* Images.xcassets in Resources */ = {isa = PBXBuildFile; fileRef = 9CF66D951A72E4DA005A9015 /* Images.xcassets */; };
		9CF66D991A72E4DA005A9015 /* LaunchScreen.xib in Resources */ = {isa = PBXBuildFile; fileRef = 9CF66D971A72E4DA005A9015 /* LaunchScreen.xib */; };
		9CF66DA51A72E4DB005A9015 /* PostcardTests.swift in Sources */ = {isa = PBXBuildFile; fileRef = 9CF66DA41A72E4DB005A9015 /* PostcardTests.swift */; };
/* End PBXBuildFile section */

/* Begin PBXContainerItemProxy section */
		9CF66D9F1A72E4DB005A9015 /* PBXContainerItemProxy */ = {
			isa = PBXContainerItemProxy;
			containerPortal = 9CF66D811A72E4DA005A9015 /* Project object */;
			proxyType = 1;
			remoteGlobalIDString = 9CF66D881A72E4DA005A9015;
			remoteInfo = Postcard;
		};
/* End PBXContainerItemProxy section */

/* Begin PBXFileReference section */
		9CF66D891A72E4DA005A9015 /* Postcard.app */ = {isa = PBXFileReference; explicitFileType = wrapper.application; includeInIndex = 0; path = Postcard.app; sourceTree = BUILT_PRODUCTS_DIR; };
		9CF66D8D1A72E4DA005A9015 /* Info.plist */ = {isa = PBXFileReference; lastKnownFileType = text.plist.xml; path = Info.plist; sourceTree = "<group>"; };
		9CF66D8E1A72E4DA005A9015 /* AppDelegate.swift */ = {isa = PBXFileReference; lastKnownFileType = sourcecode.swift; path = AppDelegate.swift; sourceTree = "<group>"; };
		9CF66D901A72E4DA005A9015 /* ViewController.swift */ = {isa = PBXFileReference; lastKnownFileType = sourcecode.swift; path = ViewController.swift; sourceTree = "<group>"; };
		9CF66D931A72E4DA005A9015 /* Base */ = {isa = PBXFileReference; lastKnownFileType = file.storyboard; name = Base; path = Base.lproj/Main.storyboard; sourceTree = "<group>"; };
		9CF66D951A72E4DA005A9015 /* Images.xcassets */ = {isa = PBXFileReference; lastKnownFileType = folder.assetcatalog; path = Images.xcassets; sourceTree = "<group>"; };
		9CF66D981A72E4DA005A9015 /* Base */ = {isa = PBXFileReference; lastKnownFileType = file.xib; name = Base; path = Base.lproj/LaunchScreen.xib; sourceTree = "<group>"; };
		9CF66D9E1A72E4DB005A9015 /* PostcardTests.xctest */ = {isa = PBXFileReference; explicitFileType = wrapper.cfbundle; includeInIndex = 0; path = PostcardTests.xctest; sourceTree = BUILT_PRODUCTS_DIR; };
		9CF66DA31A72E4DB005A9015 /* Info.plist */ = {isa = PBXFileReference; lastKnownFileType = text.plist.xml; path = Info.plist; sourceTree = "<group>"; };
		9CF66DA41A72E4DB005A9015 /* PostcardTests.swift */ = {isa = PBXFileReference; lastKnownFileType = sourcecode.swift; path = PostcardTests.swift; sourceTree = "<group>"; };
/* End PBXFileReference section */

/* Begin PBXFrameworksBuildPhase section */
		9CF66D861A72E4DA005A9015 /* Frameworks */ = {
			isa = PBXFrameworksBuildPhase;
			buildActionMask = 2147483647;
			files = (
			);
			runOnlyForDeploymentPostprocessing = 0;
		};
		9CF66D9B1A72E4DB005A9015 /* Frameworks */ = {
			isa = PBXFrameworksBuildPhase;
			buildActionMask = 2147483647;
			files = (
			);
			runOnlyForDeploymentPostprocessing = 0;
		};
/* End PBXFrameworksBuildPhase section */

/* Begin PBXGroup section */
		9CF66D801A72E4DA005A9015 = {
			isa = PBXGroup;
			children = (
				9CF66D8B1A72E4DA005A9015 /* Postcard */,
				9CF66DA11A72E4DB005A9015 /* PostcardTests */,
				9CF66D8A1A72E4DA005A9015 /* Products */,
			);
			sourceTree = "<group>";
		};
		9CF66D8A1A72E4DA005A9015 /* Products */ = {
			isa = PBXGroup;
			children = (
				9CF66D891A72E4DA005A9015 /* Postcard.app */,
				9CF66D9E1A72E4DB005A9015 /* PostcardTests.xctest */,
			);
			name = Products;
			sourceTree = "<group>";
		};
		9CF66D8B1A72E4DA005A9015 /* Postcard */ = {
			isa = PBXGroup;
			children = (
				9CF66D8E1A72E4DA005A9015 /* AppDelegate.swift */,
				9CF66D901A72E4DA005A9015 /* ViewController.swift */,
				9CF66D921A72E4DA005A9015 /* Main.storyboard */,
				9CF66D951A72E4DA005A9015 /* Images.xcassets */,
				9CF66D971A72E4DA005A9015 /* LaunchScreen.xib */,
				9CF66D8C1A72E4DA005A9015 /* Supporting Files */,
			);
			path = Postcard;
			sourceTree = "<group>";
		};
		9CF66D8C1A72E4DA005A9015 /* Supporting Files */ = {
			isa = PBXGroup;
			children = (
				9CF66D8D1A72E4DA005A9015 /* Info.plist */,
			);
			name = "Supporting Files";
			sourceTree = "<group>";
		};
		9CF66DA11A72E4DB005A9015 /* PostcardTests */ = {
			isa = PBXGroup;
			children = (
				9CF66DA41A72E4DB005A9015 /* PostcardTests.swift */,
				9CF66DA21A72E4DB005A9015 /* Supporting Files */,
			);
			path = PostcardTests;
			sourceTree = "<group>";
		};
		9CF66DA21A72E4DB005A9015 /* Supporting Files */ = {
			isa = PBXGroup;
			children = (
				9CF66DA31A72E4DB005A9015 /* Info.plist */,
			);
			name = "Supporting Files";
			sourceTree = "<group>";
		};
/* End PBXGroup section */

/* Begin PBXNativeTarget section */
		9CF66D881A72E4DA005A9015 /* Postcard */ = {
			isa = PBXNativeTarget;
			buildConfigurationList = 9CF66DA81A72E4DB005A9015 /* Build configuration list for PBXNativeTarget "Postcard" */;
			buildPhases = (
				9CF66D851A72E4DA005A9015 /* Sources */,
				9CF66D861A72E4DA005A9015 /* Frameworks */,
				9CF66D871A72E4DA005A9015 /* Resources */,
			);
			buildRules = (
			);
			dependencies = (
			);
			name = Postcard;
			productName = Postcard;
			productReference = 9CF66D891A72E4DA005A9015 /* Postcard.app */;
			productType = "com.apple.product-type.application";
		};
		9CF66D9D1A72E4DB005A9015 /* PostcardTests */ = {
			isa = PBXNativeTarget;
			buildConfigurationList = 9CF66DAB1A72E4DB005A9015 /* Build configuration list for PBXNativeTarget "PostcardTests" */;
			buildPhases = (
				9CF66D9A1A72E4DB005A9015 /* Sources */,
				9CF66D9B1A72E4DB005A9015 /* Frameworks */,
				9CF66D9C1A72E4DB005A9015 /* Resources */,
			);
			buildRules = (
			);
			dependencies = (
				9CF66DA01A72E4DB005A9015 /* PBXTargetDependency */,
			);
			name = PostcardTests;
			productName = PostcardTests;
			productReference = 9CF66D9E1A72E4DB005A9015 /* PostcardTests.xctest */;
			productType = "com.apple.product-type.bundle.unit-test";
		};
/* End PBXNativeTarget section */

/* Begin PBXProject section */
		9CF66D811A72E4DA005A9015 /* Project object */ = {
			isa = PBXProject;
			attributes = {
				LastUpgradeCheck = 0610;
				ORGANIZATIONNAME = "Marcelo de Aguiar Machado Júnior";
				TargetAttributes = {
					9CF66D881A72E4DA005A9015 = {
						CreatedOnToolsVersion = 6.1.1;
					};
					9CF66D9D1A72E4DB005A9015 = {
						CreatedOnToolsVersion = 6.1.1;
						TestTargetID = 9CF66D881A72E4DA005A9015;
					};
				};
			};
			buildConfigurationList = 9CF66D841A72E4DA005A9015 /* Build configuration list for PBXProject "Postcard" */;
			compatibilityVersion = "Xcode 3.2";
			developmentRegion = English;
			hasScannedForEncodings = 0;
			knownRegions = (
				en,
				Base,
			);
			mainGroup = 9CF66D801A72E4DA005A9015;
			productRefGroup = 9CF66D8A1A72E4DA005A9015 /* Products */;
			projectDirPath = "";
			projectRoot = "";
			targets = (
				9CF66D881A72E4DA005A9015 /* Postcard */,
				9CF66D9D1A72E4DB005A9015 /* PostcardTests */,
			);
		};
/* End PBXProject section */

/* Begin PBXResourcesBuildPhase section */
		9CF66D871A72E4DA005A9015 /* Resources */ = {
			isa = PBXResourcesBuildPhase;
			buildActionMask = 2147483647;
			files = (
				9CF66D941A72E4DA005A9015 /* Main.storyboard in Resources */,
				9CF66D991A72E4DA005A9015 /* LaunchScreen.xib in Resources */,
				9CF66D961A72E4DA005A9015 /* Images.xcassets in Resources */,
			);
			runOnlyForDeploymentPostprocessing = 0;
		};
		9CF66D9C1A72E4DB005A9015 /* Resources */ = {
			isa = PBXResourcesBuildPhase;
			buildActionMask = 2147483647;
			files = (
			);
			runOnlyForDeploymentPostprocessing = 0;
		};
/* End PBXResourcesBuildPhase section */

/* Begin PBXSourcesBuildPhase section */
		9CF66D851A72E4DA005A9015 /* Sources */ = {
			isa = PBXSourcesBuildPhase;
			buildActionMask = 2147483647;
			files = (
				9CF66D911A72E4DA005A9015 /* ViewController.swift in Sources */,
				9CF66D8F1A72E4DA005A9015 /* AppDelegate.swift in Sources */,
			);
			runOnlyForDeploymentPostprocessing = 0;
		};
		9CF66D9A1A72E4DB005A9015 /* Sources */ = {
			isa = PBXSourcesBuildPhase;
			buildActionMask = 2147483647;
			files = (
				9CF66DA51A72E4DB005A9015 /* PostcardTests.swift in Sources */,
			);
			runOnlyForDeploymentPostprocessing = 0;
		};
/* End PBXSourcesBuildPhase section */

/* Begin PBXTargetDependency section */
		9CF66DA01A72E4DB005A9015 /* PBXTargetDependency */ = {
			isa = PBXTargetDependency;
			target = 9CF66D881A72E4DA005A9015 /* Postcard */;
			targetProxy = 9CF66D9F1A72E4DB005A9015 /* PBXContainerItemProxy */;
		};
/* End PBXTargetDependency section */

/* Begin PBXVariantGroup section */
		9CF66D921A72E4DA005A9015 /* Main.storyboard */ = {
			isa = PBXVariantGroup;
			children = (
				9CF66D931A72E4DA005A9015 /* Base */,
			);
			name = Main.storyboard;
			sourceTree = "<group>";
		};
		9CF66D971A72E4DA005A9015 /* LaunchScreen.xib */ = {
			isa = PBXVariantGroup;
			children = (
				9CF66D981A72E4DA005A9015 /* Base */,
			);
			name = LaunchScreen.xib;
			sourceTree = "<group>";
		};
/* End PBXVariantGroup section */

/* Begin XCBuildConfiguration section */
		9CF66DA61A72E4DB005A9015 /* Debug */ = {
			isa = XCBuildConfiguration;
			buildSettings = {
				ALWAYS_SEARCH_USER_PATHS = NO;
				CLANG_CXX_LANGUAGE_STANDARD = "gnu++0x";
				CLANG_CXX_LIBRARY = "libc++";
				CLANG_ENABLE_MODULES = YES;
				CLANG_ENABLE_OBJC_ARC = YES;
				CLANG_WARN_BOOL_CONVERSION = YES;
				CLANG_WARN_CONSTANT_CONVERSION = YES;
				CLANG_WARN_DIRECT_OBJC_ISA_USAGE = YES_ERROR;
				CLANG_WARN_EMPTY_BODY = YES;
				CLANG_WARN_ENUM_CONVERSION = YES;
				CLANG_WARN_INT_CONVERSION = YES;
				CLANG_WARN_OBJC_ROOT_CLASS = YES_ERROR;
				CLANG_WARN_UNREACHABLE_CODE = YES;
				CLANG_WARN__DUPLICATE_METHOD_MATCH = YES;
				"CODE_SIGN_IDENTITY[sdk=iphoneos*]" = "iPhone Developer";
				COPY_PHASE_STRIP = NO;
				ENABLE_STRICT_OBJC_MSGSEND = YES;
				GCC_C_LANGUAGE_STANDARD = gnu99;
				GCC_DYNAMIC_NO_PIC = NO;
				GCC_OPTIMIZATION_LEVEL = 0;
				GCC_PREPROCESSOR_DEFINITIONS = (
					"DEBUG=1",
					"$(inherited)",
				);
				GCC_SYMBOLS_PRIVATE_EXTERN = NO;
				GCC_WARN_64_TO_32_BIT_CONVERSION = YES;
				GCC_WARN_ABOUT_RETURN_TYPE = YES_ERROR;
				GCC_WARN_UNDECLARED_SELECTOR = YES;
				GCC_WARN_UNINITIALIZED_AUTOS = YES_AGGRESSIVE;
				GCC_WARN_UNUSED_FUNCTION = YES;
				GCC_WARN_UNUSED_VARIABLE = YES;
				IPHONEOS_DEPLOYMENT_TARGET = 8.1;
				MTL_ENABLE_DEBUG_INFO = YES;
				ONLY_ACTIVE_ARCH = YES;
				SDKROOT = iphoneos;
				SWIFT_OPTIMIZATION_LEVEL = "-Onone";
			};
			name = Debug;
		};
		9CF66DA71A72E4DB005A9015 /* Release */ = {
			isa = XCBuildConfiguration;
			buildSettings = {
				ALWAYS_SEARCH_USER_PATHS = NO;
				CLANG_CXX_LANGUAGE_STANDARD = "gnu++0x";
				CLANG_CXX_LIBRARY = "libc++";
				CLANG_ENABLE_MODULES = YES;
				CLANG_ENABLE_OBJC_ARC = YES;
				CLANG_WARN_BOOL_CONVERSION = YES;
				CLANG_WARN_CONSTANT_CONVERSION = YES;
				CLANG_WARN_DIRECT_OBJC_ISA_USAGE = YES_ERROR;
				CLANG_WARN_EMPTY_BODY = YES;
				CLANG_WARN_ENUM_CONVERSION = YES;
				CLANG_WARN_INT_CONVERSION = YES;
				CLANG_WARN_OBJC_ROOT_CLASS = YES_ERROR;
				CLANG_WARN_UNREACHABLE_CODE = YES;
				CLANG_WARN__DUPLICATE_METHOD_MATCH = YES;
				"CODE_SIGN_IDENTITY[sdk=iphoneos*]" = "iPhone Developer";
				COPY_PHASE_STRIP = YES;
				ENABLE_NS_ASSERTIONS = NO;
				ENABLE_STRICT_OBJC_MSGSEND = YES;
				GCC_C_LANGUAGE_STANDARD = gnu99;
				GCC_WARN_64_TO_32_BIT_CONVERSION = YES;
				GCC_WARN_ABOUT_RETURN_TYPE = YES_ERROR;
				GCC_WARN_UNDECLARED_SELECTOR = YES;
				GCC_WARN_UNINITIALIZED_AUTOS = YES_AGGRESSIVE;
				GCC_WARN_UNUSED_FUNCTION = YES;
				GCC_WARN_UNUSED_VARIABLE = YES;
				IPHONEOS_DEPLOYMENT_TARGET = 8.1;
				MTL_ENABLE_DEBUG_INFO = NO;
				SDKROOT = iphoneos;
				VALIDATE_PRODUCT = YES;
			};
			name = Release;
		};
		9CF66DA91A72E4DB005A9015 /* Debug */ = {
			isa = XCBuildConfiguration;
			buildSettings = {
				ASSETCATALOG_COMPILER_APPICON_NAME = AppIcon;
				INFOPLIST_FILE = Postcard/Info.plist;
				LD_RUNPATH_SEARCH_PATHS = "$(inherited) @executable_path/Frameworks";
				PRODUCT_NAME = "$(TARGET_NAME)";
			};
			name = Debug;
		};
		9CF66DAA1A72E4DB005A9015 /* Release */ = {
			isa = XCBuildConfiguration;
			buildSettings = {
				ASSETCATALOG_COMPILER_APPICON_NAME = AppIcon;
				INFOPLIST_FILE = Postcard/Info.plist;
				LD_RUNPATH_SEARCH_PATHS = "$(inherited) @executable_path/Frameworks";
				PRODUCT_NAME = "$(TARGET_NAME)";
			};
			name = Release;
		};
		9CF66DAC1A72E4DB005A9015 /* Debug */ = {
			isa = XCBuildConfiguration;
			buildSettings = {
				BUNDLE_LOADER = "$(TEST_HOST)";
				FRAMEWORK_SEARCH_PATHS = (
					"$(SDKROOT)/Developer/Library/Frameworks",
					"$(inherited)",
				);
				GCC_PREPROCESSOR_DEFINITIONS = (
					"DEBUG=1",
					"$(inherited)",
				);
				INFOPLIST_FILE = PostcardTests/Info.plist;
				LD_RUNPATH_SEARCH_PATHS = "$(inherited) @executable_path/Frameworks @loader_path/Frameworks";
				PRODUCT_NAME = "$(TARGET_NAME)";
				TEST_HOST = "$(BUILT_PRODUCTS_DIR)/Postcard.app/Postcard";
			};
			name = Debug;
		};
		9CF66DAD1A72E4DB005A9015 /* Release */ = {
			isa = XCBuildConfiguration;
			buildSettings = {
				BUNDLE_LOADER = "$(TEST_HOST)";
				FRAMEWORK_SEARCH_PATHS = (
					"$(SDKROOT)/Developer/Library/Frameworks",
					"$(inherited)",
				);
				INFOPLIST_FILE = PostcardTests/Info.plist;
				LD_RUNPATH_SEARCH_PATHS = "$(inherited) @executable_path/Frameworks @loader_path/Frameworks";
				PRODUCT_NAME = "$(TARGET_NAME)";
				TEST_HOST = "$(BUILT_PRODUCTS_DIR)/Postcard.app/Postcard";
			};
			name = Release;
		};
/* End XCBuildConfiguration section */

/* Begin XCConfigurationList section */
		9CF66D841A72E4DA005A9015 /* Build configuration list for PBXProject "Postcard" */ = {
			isa = XCConfigurationList;
			buildConfigurations = (
				9CF66DA61A72E4DB005A9015 /* Debug */,
				9CF66DA71A72E4DB005A9015 /* Release */,
			);
			defaultConfigurationIsVisible = 0;
			defaultConfigurationName = Release;
		};
		9CF66DA81A72E4DB005A9015 /* Build configuration list for PBXNativeTarget "Postcard" */ = {
			isa = XCConfigurationList;
			buildConfigurations = (
				9CF66DA91A72E4DB005A9015 /* Debug */,
				9CF66DAA1A72E4DB005A9015 /* Release */,
			);
			defaultConfigurationIsVisible = 0;
		};
		9CF66DAB1A72E4DB005A9015 /* Build configuration list for PBXNativeTarget "PostcardTests" */ = {
			isa = XCConfigurationList;
			buildConfigurations = (
				9CF66DAC1A72E4DB005A9015 /* Debug */,
				9CF66DAD1A72E4DB005A9015 /* Release */,
			);
			defaultConfigurationIsVisible = 0;
		};
/* End XCConfigurationList section */
	};
	rootObject = 9CF66D811A72E4DA005A9015 /* Project object */;
}
